{
  "name": "gas-analyzer",
  "version": "0.2.0",
  "lockfileVersion": 3,
  "requires": true,
  "packages": {
    "": {
      "name": "gas-analyzer",
      "version": "0.2.0",
      "license": "ISC",
      "bin": {
        "gas-analyzer": "index.js"
      },
      "dependencies": {
        "@solidity-parser/parser": "^0.20.2"
      }
    },
    "node_modules/@solidity-parser/parser": {
      "version": "0.20.2",
      "resolved": "https://registry.npmjs.org/@solidity-parser/parser/-/parser-0.20.2.tgz",
      "integrity": "sha512-rbu0bzwNvMcwAjH86hiEAcOeRI2EeK8zCkHDrFykh/Al8mvJeFmjy3UrE7GYQjNwOgbGUUtCn5/k8CB8zIu7QA==",
      "license": "MIT"
    }
  }
}
